Microsoft Visual Studio Solution File, Format Version 12.00
# Visual Studio Version 18
VisualStudioVersion = 18.0.11217.181
MinimumVisualStudioVersion = 10.0.40219.1
Project("{FAE04EC0-301F-11D3-BF4B-00C04F79EFBC}") = "PhotonUI.Desktop", "PhotonUI.Desktop\PhotonUI.Desktop.csproj", "{093A348C-A7EA-4E8C-063B-6FEECF70E3D3}"
EndProject
Project("{FAE04EC0-301F-11D3-BF4B-00C04F79EFBC}") = "PhotonUI", "PhotonUI\PhotonUI.csproj", "{557BBE31-6B11-8107-489C-7D4CD5BDD9A0}"
EndProject
Global
	GlobalSection(SolutionConfigurationPlatforms) = preSolution
		Debug|Any CPU = Debug|Any CPU
		Diagnose|Any CPU = Diagnose|Any CPU
		Release|Any CPU = Release|Any CPU
	EndGlobalSection
	GlobalSection(ProjectConfigurationPlatforms) = postSolution
		{093A348C-A7EA-4E8C-063B-6FEECF70E3D3}.Debug|Any CPU.ActiveCfg = Debug|Any CPU
		{093A348C-A7EA-4E8C-063B-6FEECF70E3D3}.Debug|Any CPU.Build.0 = Debug|Any CPU
		{093A348C-A7EA-4E8C-063B-6FEECF70E3D3}.Diagnose|Any CPU.ActiveCfg = Diagnose|Any CPU
		{093A348C-A7EA-4E8C-063B-6FEECF70E3D3}.Diagnose|Any CPU.Build.0 = Diagnose|Any CPU
		{093A348C-A7EA-4E8C-063B-6FEECF70E3D3}.Release|Any CPU.ActiveCfg = Release|Any CPU
		{093A348C-A7EA-4E8C-063B-6FEECF70E3D3}.Release|Any CPU.Build.0 = Release|Any CPU
		{557BBE31-6B11-8107-489C-7D4CD5BDD9A0}.Debug|Any CPU.ActiveCfg = Debug|Any CPU
		{557BBE31-6B11-8107-489C-7D4CD5BDD9A0}.Debug|Any CPU.Build.0 = Debug|Any CPU
		{557BBE31-6B11-8107-489C-7D4CD5BDD9A0}.Diagnose|Any CPU.ActiveCfg = Diagnose|Any CPU
		{557BBE31-6B11-8107-489C-7D4CD5BDD9A0}.Diagnose|Any CPU.Build.0 = Diagnose|Any CPU
		{557BBE31-6B11-8107-489C-7D4CD5BDD9A0}.Release|Any CPU.ActiveCfg = Release|Any CPU
		{557BBE31-6B11-8107-489C-7D4CD5BDD9A0}.Release|Any CPU.Build.0 = Release|Any CPU
	EndGlobalSection
	GlobalSection(SolutionProperties) = preSolution
		HideSolutionNode = FALSE
	EndGlobalSection
EndGlobal
